// !$*UTF8*$!
{
	archiveVersion = 1;
	classes = {
	};
	objectVersion = 46;
	objects = {

/* Begin PBXBuildFile section */
		7A0BC0F51DFD729F008C28DB /* AppDelegate.swift in Sources */ = {isa = PBXBuildFile; fileRef = 7A0BC0F41DFD729F008C28DB /* AppDelegate.swift */; };
		7A0BC0F71DFD729F008C28DB /* ViewController.swift in Sources */ = {isa = PBXBuildFile; fileRef = 7A0BC0F61DFD729F008C28DB /* ViewController.swift */; };
		7A0BC0F91DFD729F008C28DB /* Assets.xcassets in Resources */ = {isa = PBXBuildFile; fileRef = 7A0BC0F81DFD729F008C28DB /* Assets.xcassets */; };
		7A0BC0FC1DFD729F008C28DB /* Main.storyboard in Resources */ = {isa = PBXBuildFile; fileRef = 7A0BC0FA1DFD729F008C28DB /* Main.storyboard */; };
		7A0BC1071DFD72A0008C28DB /* SwipeTweetTweetTests.swift in Sources */ = {isa = PBXBuildFile; fileRef = 7A0BC1061DFD72A0008C28DB /* SwipeTweetTweetTests.swift */; };
		7A0BC1121DFD72A0008C28DB /* SwipeTweetTweetUITests.swift in Sources */ = {isa = PBXBuildFile; fileRef = 7A0BC1111DFD72A0008C28DB /* SwipeTweetTweetUITests.swift */; };
/* End PBXBuildFile section */

/* Begin PBXContainerItemProxy section */
		7A0BC1031DFD72A0008C28DB /* PBXContainerItemProxy */ = {
			isa = PBXContainerItemProxy;
			containerPortal = 7A0BC0E91DFD729F008C28DB /* Project object */;
			proxyType = 1;
			remoteGlobalIDString = 7A0BC0F01DFD729F008C28DB;
			remoteInfo = SwipeTweetTweet;
		};
		7A0BC10E1DFD72A0008C28DB /* PBXContainerItemProxy */ = {
			isa = PBXContainerItemProxy;
			containerPortal = 7A0BC0E91DFD729F008C28DB /* Project object */;
			proxyType = 1;
			remoteGlobalIDString = 7A0BC0F01DFD729F008C28DB;
			remoteInfo = SwipeTweetTweet;
		};
/* End PBXContainerItemProxy section */

/* Begin PBXFileReference section */
		7A0BC0F11DFD729F008C28DB /* SwipeTweetTweet.app */ = {isa = PBXFileReference; explicitFileType = wrapper.application; includeInIndex = 0; path = SwipeTweetTweet.app; sourceTree = BUILT_PRODUCTS_DIR; };
		7A0BC0F41DFD729F008C28DB /* AppDelegate.swift */ = {isa = PBXFileReference; lastKnownFileType = sourcecode.swift; path = AppDelegate.swift; sourceTree = "<group>"; };
		7A0BC0F61DFD729F008C28DB /* ViewController.swift */ = {isa = PBXFileReference; lastKnownFileType = sourcecode.swift; path = ViewController.swift; sourceTree = "<group>"; };
		7A0BC0F81DFD729F008C28DB /* Assets.xcassets */ = {isa = PBXFileReference; lastKnownFileType = folder.assetcatalog; path = Assets.xcassets; sourceTree = "<group>"; };
		7A0BC0FB1DFD729F008C28DB /* Base */ = {isa = PBXFileReference; lastKnownFileType = file.storyboard; name = Base; path = Base.lproj/Main.storyboard; sourceTree = "<group>"; };
		7A0BC0FD1DFD729F008C28DB /* Info.plist */ = {isa = PBXFileReference; lastKnownFileType = text.plist.xml; path = Info.plist; sourceTree = "<group>"; };
		7A0BC1021DFD72A0008C28DB /* SwipeTweetTweetTests.xctest */ = {isa = PBXFileReference; explicitFileType = wrapper.cfbundle; includeInIndex = 0; path = SwipeTweetTweetTests.xctest; sourceTree = BUILT_PRODUCTS_DIR; };
		7A0BC1061DFD72A0008C28DB /* SwipeTweetTweetTests.swift */ = {isa = PBXFileReference; lastKnownFileType = sourcecode.swift; path = SwipeTweetTweetTests.swift; sourceTree = "<group>"; };
		7A0BC1081DFD72A0008C28DB /* Info.plist */ = {isa = PBXFileReference; lastKnownFileType = text.plist.xml; path = Info.plist; sourceTree = "<group>"; };
		7A0BC10D1DFD72A0008C28DB /* SwipeTweetTweetUITests.xctest */ = {isa = PBXFileReference; explicitFileType = wrapper.cfbundle; includeInIndex = 0; path = SwipeTweetTweetUITests.xctest; sourceTree = BUILT_PRODUCTS_DIR; };
		7A0BC1111DFD72A0008C28DB /* SwipeTweetTweetUITests.swift */ = {isa = PBXFileReference; lastKnownFileType = sourcecode.swift; path = SwipeTweetTweetUITests.swift; sourceTree = "<group>"; };
		7A0BC1131DFD72A0008C28DB /* Info.plist */ = {isa = PBXFileReference; lastKnownFileType = text.plist.xml; path = Info.plist; sourceTree = "<group>"; };
/* End PBXFileReference section */

/* Begin PBXFrameworksBuildPhase section */
		7A0BC0EE1DFD729F008C28DB /* Frameworks */ = {
			isa = PBXFrameworksBuildPhase;
			buildActionMask = 2147483647;
			files = (
			);
			runOnlyForDeploymentPostprocessing = 0;
		};
		7A0BC0FF1DFD72A0008C28DB /* Frameworks */ = {
			isa = PBXFrameworksBuildPhase;
			buildActionMask = 2147483647;
			files = (
			);
			runOnlyForDeploymentPostprocessing = 0;
		};
		7A0BC10A1DFD72A0008C28DB /* Frameworks */ = {
			isa = PBXFrameworksBuildPhase;
			buildActionMask = 2147483647;
			files = (
			);
			runOnlyForDeploymentPostprocessing = 0;
		};
/* End PBXFrameworksBuildPhase section */

/* Begin PBXGroup section */
		7A0BC0E81DFD729F008C28DB = {
			isa = PBXGroup;
			children = (
				7A0BC0F31DFD729F008C28DB /* SwipeTweetTweet */,
				7A0BC1051DFD72A0008C28DB /* SwipeTweetTweetTests */,
				7A0BC1101DFD72A0008C28DB /* SwipeTweetTweetUITests */,
				7A0BC0F21DFD729F008C28DB /* Products */,
			);
			sourceTree = "<group>";
		};
		7A0BC0F21DFD729F008C28DB /* Products */ = {
			isa = PBXGroup;
			children = (
				7A0BC0F11DFD729F008C28DB /* SwipeTweetTweet.app */,
				7A0BC1021DFD72A0008C28DB /* SwipeTweetTweetTests.xctest */,
				7A0BC10D1DFD72A0008C28DB /* SwipeTweetTweetUITests.xctest */,
			);
			name = Products;
			sourceTree = "<group>";
		};
		7A0BC0F31DFD729F008C28DB /* SwipeTweetTweet */ = {
			isa = PBXGroup;
			children = (
				7A0BC0F41DFD729F008C28DB /* AppDelegate.swift */,
				7A0BC0F61DFD729F008C28DB /* ViewController.swift */,
				7A0BC0F81DFD729F008C28DB /* Assets.xcassets */,
				7A0BC0FA1DFD729F008C28DB /* Main.storyboard */,
				7A0BC0FD1DFD729F008C28DB /* Info.plist */,
			);
			path = SwipeTweetTweet;
			sourceTree = "<group>";
		};
		7A0BC1051DFD72A0008C28DB /* SwipeTweetTweetTests */ = {
			isa = PBXGroup;
			children = (
				7A0BC1061DFD72A0008C28DB /* SwipeTweetTweetTests.swift */,
				7A0BC1081DFD72A0008C28DB /* Info.plist */,
			);
			path = SwipeTweetTweetTests;
			sourceTree = "<group>";
		};
		7A0BC1101DFD72A0008C28DB /* SwipeTweetTweetUITests */ = {
			isa = PBXGroup;
			children = (
				7A0BC1111DFD72A0008C28DB /* SwipeTweetTweetUITests.swift */,
				7A0BC1131DFD72A0008C28DB /* Info.plist */,
			);
			path = SwipeTweetTweetUITests;
			sourceTree = "<group>";
		};
/* End PBXGroup section */

/* Begin PBXNativeTarget section */
		7A0BC0F01DFD729F008C28DB /* SwipeTweetTweet */ = {
			isa = PBXNativeTarget;
			buildConfigurationList = 7A0BC1161DFD72A0008C28DB /* Build configuration list for PBXNativeTarget "SwipeTweetTweet" */;
			buildPhases = (
				7A0BC0ED1DFD729F008C28DB /* Sources */,
				7A0BC0EE1DFD729F008C28DB /* Frameworks */,
				7A0BC0EF1DFD729F008C28DB /* Resources */,
			);
			buildRules = (
			);
			dependencies = (
			);
			name = SwipeTweetTweet;
			productName = SwipeTweetTweet;
			productReference = 7A0BC0F11DFD729F008C28DB /* SwipeTweetTweet.app */;
			productType = "com.apple.product-type.application";
		};
		7A0BC1011DFD72A0008C28DB /* SwipeTweetTweetTests */ = {
			isa = PBXNativeTarget;
			buildConfigurationList = 7A0BC1191DFD72A0008C28DB /* Build configuration list for PBXNativeTarget "SwipeTweetTweetTests" */;
			buildPhases = (
				7A0BC0FE1DFD72A0008C28DB /* Sources */,
				7A0BC0FF1DFD72A0008C28DB /* Frameworks */,
				7A0BC1001DFD72A0008C28DB /* Resources */,
			);
			buildRules = (
			);
			dependencies = (
				7A0BC1041DFD72A0008C28DB /* PBXTargetDependency */,
			);
			name = SwipeTweetTweetTests;
			productName = SwipeTweetTweetTests;
			productReference = 7A0BC1021DFD72A0008C28DB /* SwipeTweetTweetTests.xctest */;
			productType = "com.apple.product-type.bundle.unit-test";
		};
		7A0BC10C1DFD72A0008C28DB /* SwipeTweetTweetUITests */ = {
			isa = PBXNativeTarget;
			buildConfigurationList = 7A0BC11C1DFD72A0008C28DB /* Build configuration list for PBXNativeTarget "SwipeTweetTweetUITests" */;
			buildPhases = (
				7A0BC1091DFD72A0008C28DB /* Sources */,
				7A0BC10A1DFD72A0008C28DB /* Frameworks */,
				7A0BC10B1DFD72A0008C28DB /* Resources */,
			);
			buildRules = (
			);
			dependencies = (
				7A0BC10F1DFD72A0008C28DB /* PBXTargetDependency */,
			);
			name = SwipeTweetTweetUITests;
			productName = SwipeTweetTweetUITests;
			productReference = 7A0BC10D1DFD72A0008C28DB /* SwipeTweetTweetUITests.xctest */;
			productType = "com.apple.product-type.bundle.ui-testing";
		};
/* End PBXNativeTarget section */

/* Begin PBXProject section */
		7A0BC0E91DFD729F008C28DB /* Project object */ = {
			isa = PBXProject;
			attributes = {
				LastSwiftUpdateCheck = 0730;
				LastUpgradeCheck = 0730;
				ORGANIZATIONNAME = Pabix;
				TargetAttributes = {
					7A0BC0F01DFD729F008C28DB = {
						CreatedOnToolsVersion = 7.3;
					};
					7A0BC1011DFD72A0008C28DB = {
						CreatedOnToolsVersion = 7.3;
						TestTargetID = 7A0BC0F01DFD729F008C28DB;
					};
					7A0BC10C1DFD72A0008C28DB = {
						CreatedOnToolsVersion = 7.3;
						TestTargetID = 7A0BC0F01DFD729F008C28DB;
					};
				};
			};
			buildConfigurationList = 7A0BC0EC1DFD729F008C28DB /* Build configuration list for PBXProject "SwipeTweetTweet" */;
			compatibilityVersion = "Xcode 3.2";
			developmentRegion = English;
			hasScannedForEncodings = 0;
			knownRegions = (
				en,
				Base,
			);
			mainGroup = 7A0BC0E81DFD729F008C28DB;
			productRefGroup = 7A0BC0F21DFD729F008C28DB /* Products */;
			projectDirPath = "";
			projectRoot = "";
			targets = (
				7A0BC0F01DFD729F008C28DB /* SwipeTweetTweet */,
				7A0BC1011DFD72A0008C28DB /* SwipeTweetTweetTests */,
				7A0BC10C1DFD72A0008C28DB /* SwipeTweetTweetUITests */,
			);
		};
/* End PBXProject section */

/* Begin PBXResourcesBuildPhase section */
		7A0BC0EF1DFD729F008C28DB /* Resources */ = {
			isa = PBXResourcesBuildPhase;
			buildActionMask = 2147483647;
			files = (
				7A0BC0F91DFD729F008C28DB /* Assets.xcassets in Resources */,
				7A0BC0FC1DFD729F008C28DB /* Main.storyboard in Resources */,
			);
			runOnlyForDeploymentPostprocessing = 0;
		};
		7A0BC1001DFD72A0008C28DB /* Resources */ = {
			isa = PBXResourcesBuildPhase;
			buildActionMask = 2147483647;
			files = (
			);
			runOnlyForDeploymentPostprocessing = 0;
		};
		7A0BC10B1DFD72A0008C28DB /* Resources */ = {
			isa = PBXResourcesBuildPhase;
			buildActionMask = 2147483647;
			files = (
			);
			runOnlyForDeploymentPostprocessing = 0;
		};
/* End PBXResourcesBuildPhase section */

/* Begin PBXSourcesBuildPhase section */
		7A0BC0ED1DFD729F008C28DB /* Sources */ = {
			isa = PBXSourcesBuildPhase;
			buildActionMask = 2147483647;
			files = (
				7A0BC0F71DFD729F008C28DB /* ViewController.swift in Sources */,
				7A0BC0F51DFD729F008C28DB /* AppDelegate.swift in Sources */,
			);
			runOnlyForDeploymentPostprocessing = 0;
		};
		7A0BC0FE1DFD72A0008C28DB /* Sources */ = {
			isa = PBXSourcesBuildPhase;
			buildActionMask = 2147483647;
			files = (
				7A0BC1071DFD72A0008C28DB /* SwipeTweetTweetTests.swift in Sources */,
			);
			runOnlyForDeploymentPostprocessing = 0;
		};
		7A0BC1091DFD72A0008C28DB /* Sources */ = {
			isa = PBXSourcesBuildPhase;
			buildActionMask = 2147483647;
			files = (
				7A0BC1121DFD72A0008C28DB /* SwipeTweetTweetUITests.swift in Sources */,
			);
			runOnlyForDeploymentPostprocessing = 0;
		};
/* End PBXSourcesBuildPhase section */

/* Begin PBXTargetDependency section */
		7A0BC1041DFD72A0008C28DB /* PBXTargetDependency */ = {
			isa = PBXTargetDependency;
			target = 7A0BC0F01DFD729F008C28DB /* SwipeTweetTweet */;
			targetProxy = 7A0BC1031DFD72A0008C28DB /* PBXContainerItemProxy */;
		};
		7A0BC10F1DFD72A0008C28DB /* PBXTargetDependency */ = {
			isa = PBXTargetDependency;
			target = 7A0BC0F01DFD729F008C28DB /* SwipeTweetTweet */;
			targetProxy = 7A0BC10E1DFD72A0008C28DB /* PBXContainerItemProxy */;
		};
/* End PBXTargetDependency section */

/* Begin PBXVariantGroup section */
		7A0BC0FA1DFD729F008C28DB /* Main.storyboard */ = {
			isa = PBXVariantGroup;
			children = (
				7A0BC0FB1DFD729F008C28DB /* Base */,
			);
			name = Main.storyboard;
			sourceTree = "<group>";
		};
/* End PBXVariantGroup section */

/* Begin XCBuildConfiguration section */
		7A0BC1141DFD72A0008C28DB /* Debug */ = {
			isa = XCBuildConfiguration;
			buildSettings = {
				ALWAYS_SEARCH_USER_PATHS = NO;
				CLANG_ANALYZER_NONNULL = YES;
				CLANG_CXX_LANGUAGE_STANDARD = "gnu++0x";
				CLANG_CXX_LIBRARY = "libc++";
				CLANG_ENABLE_MODULES = YES;
				CLANG_ENABLE_OBJC_ARC = YES;
				CLANG_WARN_BOOL_CONVERSION = YES;
				CLANG_WARN_CONSTANT_CONVERSION = YES;
				CLANG_WARN_DIRECT_OBJC_ISA_USAGE = YES_ERROR;
				CLANG_WARN_EMPTY_BODY = YES;
				CLANG_WARN_ENUM_CONVERSION = YES;
				CLANG_WARN_INT_CONVERSION = YES;
				CLANG_WARN_OBJC_ROOT_CLASS = YES_ERROR;
				CLANG_WARN_UNREACHABLE_CODE = YES;
				CLANG_WARN__DUPLICATE_METHOD_MATCH = YES;
				CODE_SIGN_IDENTITY = "-";
				COPY_PHASE_STRIP = NO;
				DEBUG_INFORMATION_FORMAT = dwarf;
				ENABLE_STRICT_OBJC_MSGSEND = YES;
				ENABLE_TESTABILITY = YES;
				GCC_C_LANGUAGE_STANDARD = gnu99;
				GCC_DYNAMIC_NO_PIC = NO;
				GCC_NO_COMMON_BLOCKS = YES;
				GCC_OPTIMIZATION_LEVEL = 0;
				GCC_PREPROCESSOR_DEFINITIONS = (
					"DEBUG=1",
					"$(inherited)",
				);
				GCC_WARN_64_TO_32_BIT_CONVERSION = YES;
				GCC_WARN_ABOUT_RETURN_TYPE = YES_ERROR;
				GCC_WARN_UNDECLARED_SELECTOR = YES;
				GCC_WARN_UNINITIALIZED_AUTOS = YES_AGGRESSIVE;
				GCC_WARN_UNUSED_FUNCTION = YES;
				GCC_WARN_UNUSED_VARIABLE = YES;
				MACOSX_DEPLOYMENT_TARGET = 10.11;
				MTL_ENABLE_DEBUG_INFO = YES;
				ONLY_ACTIVE_ARCH = YES;
				SDKROOT = macosx;
				SWIFT_OPTIMIZATION_LEVEL = "-Onone";
			};
			name = Debug;
		};
		7A0BC1151DFD72A0008C28DB /* Release */ = {
			isa = XCBuildConfiguration;
			buildSettings = {
				ALWAYS_SEARCH_USER_PATHS = NO;
				CLANG_ANALYZER_NONNULL = YES;
				CLANG_CXX_LANGUAGE_STANDARD = "gnu++0x";
				CLANG_CXX_LIBRARY = "libc++";
				CLANG_ENABLE_MODULES = YES;
				CLANG_ENABLE_OBJC_ARC = YES;
				CLANG_WARN_BOOL_CONVERSION = YES;
				CLANG_WARN_CONSTANT_CONVERSION = YES;
				CLANG_WARN_DIRECT_OBJC_ISA_USAGE = YES_ERROR;
				CLANG_WARN_EMPTY_BODY = YES;
				CLANG_WARN_ENUM_CONVERSION = YES;
				CLANG_WARN_INT_CONVERSION = YES;
				CLANG_WARN_OBJC_ROOT_CLASS = YES_ERROR;
				CLANG_WARN_UNREACHABLE_CODE = YES;
				CLANG_WARN__DUPLICATE_METHOD_MATCH = YES;
				CODE_SIGN_IDENTITY = "-";
				COPY_PHASE_STRIP = NO;
				DEBUG_INFORMATION_FORMAT = "dwarf-with-dsym";
				ENABLE_NS_ASSERTIONS = NO;
				ENABLE_STRICT_OBJC_MSGSEND = YES;
				GCC_C_LANGUAGE_STANDARD = gnu99;
				GCC_NO_COMMON_BLOCKS = YES;
				GCC_WARN_64_TO_32_BIT_CONVERSION = YES;
				GCC_WARN_ABOUT_RETURN_TYPE = YES_ERROR;
				GCC_WARN_UNDECLARED_SELECTOR = YES;
				GCC_WARN_UNINITIALIZED_AUTOS = YES_AGGRESSIVE;
				GCC_WARN_UNUSED_FUNCTION = YES;
				GCC_WARN_UNUSED_VARIABLE = YES;
				MACOSX_DEPLOYMENT_TARGET = 10.11;
				MTL_ENABLE_DEBUG_INFO = NO;
				SDKROOT = macosx;
			};
			name = Release;
		};
		7A0BC1171DFD72A0008C28DB /* Debug */ = {
			isa = XCBuildConfiguration;
			buildSettings = {
				ASSETCATALOG_COMPILER_APPICON_NAME = AppIcon;
				COMBINE_HIDPI_IMAGES = YES;
				INFOPLIST_FILE = SwipeTweetTweet/Info.plist;
				LD_RUNPATH_SEARCH_PATHS = "$(inherited) @executable_path/../Frameworks";
				PRODUCT_BUNDLE_IDENTIFIER = com.Pabix.cozo.SwipeTweetTweet;
				PRODUCT_NAME = "$(TARGET_NAME)";
			};
			name = Debug;
		};
		7A0BC1181DFD72A0008C28DB /* Release */ = {
			isa = XCBuildConfiguration;
			buildSettings = {
				ASSETCATALOG_COMPILER_APPICON_NAME = AppIcon;
				COMBINE_HIDPI_IMAGES = YES;
				INFOPLIST_FILE = SwipeTweetTweet/Info.plist;
				LD_RUNPATH_SEARCH_PATHS = "$(inherited) @executable_path/../Frameworks";
				PRODUCT_BUNDLE_IDENTIFIER = com.Pabix.cozo.SwipeTweetTweet;
				PRODUCT_NAME = "$(TARGET_NAME)";
			};
			name = Release;
		};
		7A0BC11A1DFD72A0008C28DB /* Debug */ = {
			isa = XCBuildConfiguration;
			buildSettings = {
				BUNDLE_LOADER = "$(TEST_HOST)";
				COMBINE_HIDPI_IMAGES = YES;
				INFOPLIST_FILE = SwipeTweetTweetTests/Info.plist;
				LD_RUNPATH_SEARCH_PATHS = "$(inherited) @executable_path/../Frameworks @loader_path/../Frameworks";
				PRODUCT_BUNDLE_IDENTIFIER = com.Pabix.cozo.SwipeTweetTweetTests;
				PRODUCT_NAME = "$(TARGET_NAME)";
				TEST_HOST = "$(BUILT_PRODUCTS_DIR)/SwipeTweetTweet.app/Contents/MacOS/SwipeTweetTweet";
			};
			name = Debug;
		};
		7A0BC11B1DFD72A0008C28DB /* Release */ = {
			isa = XCBuildConfiguration;
			buildSettings = {
				BUNDLE_LOADER = "$(TEST_HOST)";
				COMBINE_HIDPI_IMAGES = YES;
				INFOPLIST_FILE = SwipeTweetTweetTests/Info.plist;
				LD_RUNPATH_SEARCH_PATHS = "$(inherited) @executable_path/../Frameworks @loader_path/../Frameworks";
				PRODUCT_BUNDLE_IDENTIFIER = com.Pabix.cozo.SwipeTweetTweetTests;
				PRODUCT_NAME = "$(TARGET_NAME)";
				TEST_HOST = "$(BUILT_PRODUCTS_DIR)/SwipeTweetTweet.app/Contents/MacOS/SwipeTweetTweet";
			};
			name = Release;
		};
		7A0BC11D1DFD72A0008C28DB /* Debug */ = {
			isa = XCBuildConfiguration;
			buildSettings = {
				COMBINE_HIDPI_IMAGES = YES;
				INFOPLIST_FILE = SwipeTweetTweetUITests/Info.plist;
				LD_RUNPATH_SEARCH_PATHS = "$(inherited) @executable_path/../Frameworks @loader_path/../Frameworks";
				PRODUCT_BUNDLE_IDENTIFIER = com.Pabix.cozo.SwipeTweetTweetUITests;
				PRODUCT_NAME = "$(TARGET_NAME)";
				TEST_TARGET_NAME = SwipeTweetTweet;
			};
			name = Debug;
		};
		7A0BC11E1DFD72A0008C28DB /* Release */ = {
			isa = XCBuildConfiguration;
			buildSettings = {
				COMBINE_HIDPI_IMAGES = YES;
				INFOPLIST_FILE = SwipeTweetTweetUITests/Info.plist;
				LD_RUNPATH_SEARCH_PATHS = "$(inherited) @executable_path/../Frameworks @loader_path/../Frameworks";
				PRODUCT_BUNDLE_IDENTIFIER = com.Pabix.cozo.SwipeTweetTweetUITests;
				PRODUCT_NAME = "$(TARGET_NAME)";
				TEST_TARGET_NAME = SwipeTweetTweet;
			};
			name = Release;
		};
/* End XCBuildConfiguration section */

/* Begin XCConfigurationList section */
		7A0BC0EC1DFD729F008C28DB /* Build configuration list for PBXProject "SwipeTweetTweet" */ = {
			isa = XCConfigurationList;
			buildConfigurations = (
				7A0BC1141DFD72A0008C28DB /* Debug */,
				7A0BC1151DFD72A0008C28DB /* Release */,
			);
			defaultConfigurationIsVisible = 0;
			defaultConfigurationName = Release;
		};
		7A0BC1161DFD72A0008C28DB /* Build configuration list for PBXNativeTarget "SwipeTweetTweet" */ = {
			isa = XCConfigurationList;
			buildConfigurations = (
				7A0BC1171DFD72A0008C28DB /* Debug */,
				7A0BC1181DFD72A0008C28DB /* Release */,
			);
			defaultConfigurationIsVisible = 0;
		};
		7A0BC1191DFD72A0008C28DB /* Build configuration list for PBXNativeTarget "SwipeTweetTweetTests" */ = {
			isa = XCConfigurationList;
			buildConfigurations = (
				7A0BC11A1DFD72A0008C28DB /* Debug */,
				7A0BC11B1DFD72A0008C28DB /* Release */,
			);
			defaultConfigurationIsVisible = 0;
		};
		7A0BC11C1DFD72A0008C28DB /* Build configuration list for PBXNativeTarget "SwipeTweetTweetUITests" */ = {
			isa = XCConfigurationList;
			buildConfigurations = (
				7A0BC11D1DFD72A0008C28DB /* Debug */,
				7A0BC11E1DFD72A0008C28DB /* Release */,
			);
			defaultConfigurationIsVisible = 0;
		};
/* End XCConfigurationList section */
	};
	rootObject = 7A0BC0E91DFD729F008C28DB /* Project object */;
}
