// !$*UTF8*$!
{
	archiveVersion = 1;
	classes = {
	};
	objectVersion = 46;
	objects = {

/* Begin PBXBuildFile section */
		7A0BC12C1DFE2572008C28DB /* AppDelegate.swift in Sources */ = {isa = PBXBuildFile; fileRef = 7A0BC12B1DFE2572008C28DB /* AppDelegate.swift */; };
		7A0BC12E1DFE2572008C28DB /* ViewController.swift in Sources */ = {isa = PBXBuildFile; fileRef = 7A0BC12D1DFE2572008C28DB /* ViewController.swift */; };
		7A0BC1301DFE2573008C28DB /* Assets.xcassets in Resources */ = {isa = PBXBuildFile; fileRef = 7A0BC12F1DFE2572008C28DB /* Assets.xcassets */; };
		7A0BC1331DFE2573008C28DB /* Main.storyboard in Resources */ = {isa = PBXBuildFile; fileRef = 7A0BC1311DFE2573008C28DB /* Main.storyboard */; };
		7A0BC13E1DFE2573008C28DB /* swipeTweetTweetTests.swift in Sources */ = {isa = PBXBuildFile; fileRef = 7A0BC13D1DFE2573008C28DB /* swipeTweetTweetTests.swift */; };
		7A0BC1491DFE2573008C28DB /* swipeTweetTweetUITests.swift in Sources */ = {isa = PBXBuildFile; fileRef = 7A0BC1481DFE2573008C28DB /* swipeTweetTweetUITests.swift */; };
		84F9552B87B3C982BC0FBD48 /* Pods_swipeTweetTweet.framework in Frameworks */ = {isa = PBXBuildFile; fileRef = 24E92D57F4698C0C26B2A322 /* Pods_swipeTweetTweet.framework */; };
/* End PBXBuildFile section */

/* Begin PBXContainerItemProxy section */
		7A0BC13A1DFE2573008C28DB /* PBXContainerItemProxy */ = {
			isa = PBXContainerItemProxy;
			containerPortal = 7A0BC1201DFE2572008C28DB /* Project object */;
			proxyType = 1;
			remoteGlobalIDString = 7A0BC1271DFE2572008C28DB;
			remoteInfo = swipeTweetTweet;
		};
		7A0BC1451DFE2573008C28DB /* PBXContainerItemProxy */ = {
			isa = PBXContainerItemProxy;
			containerPortal = 7A0BC1201DFE2572008C28DB /* Project object */;
			proxyType = 1;
			remoteGlobalIDString = 7A0BC1271DFE2572008C28DB;
			remoteInfo = swipeTweetTweet;
		};
/* End PBXContainerItemProxy section */

/* Begin PBXFileReference section */
		24E92D57F4698C0C26B2A322 /* Pods_swipeTweetTweet.framework */ = {isa = PBXFileReference; explicitFileType = wrapper.framework; includeInIndex = 0; path = Pods_swipeTweetTweet.framework; sourceTree = BUILT_PRODUCTS_DIR; };
		7A0BC1281DFE2572008C28DB /* swipeTweetTweet.app */ = {isa = PBXFileReference; explicitFileType = wrapper.application; includeInIndex = 0; path = swipeTweetTweet.app; sourceTree = BUILT_PRODUCTS_DIR; };
		7A0BC12B1DFE2572008C28DB /* AppDelegate.swift */ = {isa = PBXFileReference; lastKnownFileType = sourcecode.swift; path = AppDelegate.swift; sourceTree = "<group>"; };
		7A0BC12D1DFE2572008C28DB /* ViewController.swift */ = {isa = PBXFileReference; lastKnownFileType = sourcecode.swift; path = ViewController.swift; sourceTree = "<group>"; };
		7A0BC12F1DFE2572008C28DB /* Assets.xcassets */ = {isa = PBXFileReference; lastKnownFileType = folder.assetcatalog; path = Assets.xcassets; sourceTree = "<group>"; };
		7A0BC1321DFE2573008C28DB /* Base */ = {isa = PBXFileReference; lastKnownFileType = file.storyboard; name = Base; path = Base.lproj/Main.storyboard; sourceTree = "<group>"; };
		7A0BC1341DFE2573008C28DB /* Info.plist */ = {isa = PBXFileReference; lastKnownFileType = text.plist.xml; path = Info.plist; sourceTree = "<group>"; };
		7A0BC1391DFE2573008C28DB /* swipeTweetTweetTests.xctest */ = {isa = PBXFileReference; explicitFileType = wrapper.cfbundle; includeInIndex = 0; path = swipeTweetTweetTests.xctest; sourceTree = BUILT_PRODUCTS_DIR; };
		7A0BC13D1DFE2573008C28DB /* swipeTweetTweetTests.swift */ = {isa = PBXFileReference; lastKnownFileType = sourcecode.swift; path = swipeTweetTweetTests.swift; sourceTree = "<group>"; };
		7A0BC13F1DFE2573008C28DB /* Info.plist */ = {isa = PBXFileReference; lastKnownFileType = text.plist.xml; path = Info.plist; sourceTree = "<group>"; };
		7A0BC1441DFE2573008C28DB /* swipeTweetTweetUITests.xctest */ = {isa = PBXFileReference; explicitFileType = wrapper.cfbundle; includeInIndex = 0; path = swipeTweetTweetUITests.xctest; sourceTree = BUILT_PRODUCTS_DIR; };
		7A0BC1481DFE2573008C28DB /* swipeTweetTweetUITests.swift */ = {isa = PBXFileReference; lastKnownFileType = sourcecode.swift; path = swipeTweetTweetUITests.swift; sourceTree = "<group>"; };
		7A0BC14A1DFE2573008C28DB /* Info.plist */ = {isa = PBXFileReference; lastKnownFileType = text.plist.xml; path = Info.plist; sourceTree = "<group>"; };
		A468DC469F99A1A8AFD01F27 /* Pods-swipeTweetTweet.release.xcconfig */ = {isa = PBXFileReference; includeInIndex = 1; lastKnownFileType = text.xcconfig; name = "Pods-swipeTweetTweet.release.xcconfig"; path = "Pods/Target Support Files/Pods-swipeTweetTweet/Pods-swipeTweetTweet.release.xcconfig"; sourceTree = "<group>"; };
		EC7E6D091008F9978149FB7E /* Pods-swipeTweetTweet.debug.xcconfig */ = {isa = PBXFileReference; includeInIndex = 1; lastKnownFileType = text.xcconfig; name = "Pods-swipeTweetTweet.debug.xcconfig"; path = "Pods/Target Support Files/Pods-swipeTweetTweet/Pods-swipeTweetTweet.debug.xcconfig"; sourceTree = "<group>"; };
/* End PBXFileReference section */

/* Begin PBXFrameworksBuildPhase section */
		7A0BC1251DFE2572008C28DB /* Frameworks */ = {
			isa = PBXFrameworksBuildPhase;
			buildActionMask = 2147483647;
			files = (
				84F9552B87B3C982BC0FBD48 /* Pods_swipeTweetTweet.framework in Frameworks */,
			);
			runOnlyForDeploymentPostprocessing = 0;
		};
		7A0BC1361DFE2573008C28DB /* Frameworks */ = {
			isa = PBXFrameworksBuildPhase;
			buildActionMask = 2147483647;
			files = (
			);
			runOnlyForDeploymentPostprocessing = 0;
		};
		7A0BC1411DFE2573008C28DB /* Frameworks */ = {
			isa = PBXFrameworksBuildPhase;
			buildActionMask = 2147483647;
			files = (
			);
			runOnlyForDeploymentPostprocessing = 0;
		};
/* End PBXFrameworksBuildPhase section */

/* Begin PBXGroup section */
		3CCA7939C80084FF502533B5 /* Pods */ = {
			isa = PBXGroup;
			children = (
				EC7E6D091008F9978149FB7E /* Pods-swipeTweetTweet.debug.xcconfig */,
				A468DC469F99A1A8AFD01F27 /* Pods-swipeTweetTweet.release.xcconfig */,
			);
			name = Pods;
			sourceTree = "<group>";
		};
		7A0BC11F1DFE2572008C28DB = {
			isa = PBXGroup;
			children = (
				7A0BC12A1DFE2572008C28DB /* swipeTweetTweet */,
				7A0BC13C1DFE2573008C28DB /* swipeTweetTweetTests */,
				7A0BC1471DFE2573008C28DB /* swipeTweetTweetUITests */,
				7A0BC1291DFE2572008C28DB /* Products */,
				3CCA7939C80084FF502533B5 /* Pods */,
				7E5A45ECA84E7C6902D9B55F /* Frameworks */,
			);
			sourceTree = "<group>";
		};
		7A0BC1291DFE2572008C28DB /* Products */ = {
			isa = PBXGroup;
			children = (
				7A0BC1281DFE2572008C28DB /* swipeTweetTweet.app */,
				7A0BC1391DFE2573008C28DB /* swipeTweetTweetTests.xctest */,
				7A0BC1441DFE2573008C28DB /* swipeTweetTweetUITests.xctest */,
			);
			name = Products;
			sourceTree = "<group>";
		};
		7A0BC12A1DFE2572008C28DB /* swipeTweetTweet */ = {
			isa = PBXGroup;
			children = (
				7A0BC12B1DFE2572008C28DB /* AppDelegate.swift */,
				7A0BC12D1DFE2572008C28DB /* ViewController.swift */,
				7A0BC12F1DFE2572008C28DB /* Assets.xcassets */,
				7A0BC1311DFE2573008C28DB /* Main.storyboard */,
				7A0BC1341DFE2573008C28DB /* Info.plist */,
			);
			path = swipeTweetTweet;
			sourceTree = "<group>";
		};
		7A0BC13C1DFE2573008C28DB /* swipeTweetTweetTests */ = {
			isa = PBXGroup;
			children = (
				7A0BC13D1DFE2573008C28DB /* swipeTweetTweetTests.swift */,
				7A0BC13F1DFE2573008C28DB /* Info.plist */,
			);
			path = swipeTweetTweetTests;
			sourceTree = "<group>";
		};
		7A0BC1471DFE2573008C28DB /* swipeTweetTweetUITests */ = {
			isa = PBXGroup;
			children = (
				7A0BC1481DFE2573008C28DB /* swipeTweetTweetUITests.swift */,
				7A0BC14A1DFE2573008C28DB /* Info.plist */,
			);
			path = swipeTweetTweetUITests;
			sourceTree = "<group>";
		};
		7E5A45ECA84E7C6902D9B55F /* Frameworks */ = {
			isa = PBXGroup;
			children = (
				24E92D57F4698C0C26B2A322 /* Pods_swipeTweetTweet.framework */,
			);
			name = Frameworks;
			sourceTree = "<group>";
		};
/* End PBXGroup section */

/* Begin PBXNativeTarget section */
		7A0BC1271DFE2572008C28DB /* swipeTweetTweet */ = {
			isa = PBXNativeTarget;
			buildConfigurationList = 7A0BC14D1DFE2573008C28DB /* Build configuration list for PBXNativeTarget "swipeTweetTweet" */;
			buildPhases = (
				996660126C7588A1F9405286 /* [CP] Check Pods Manifest.lock */,
				7A0BC1241DFE2572008C28DB /* Sources */,
				7A0BC1251DFE2572008C28DB /* Frameworks */,
				7A0BC1261DFE2572008C28DB /* Resources */,
				8E6334F8F7CEC0A6AEBD2982 /* [CP] Embed Pods Frameworks */,
				9626E30E616539877823757A /* [CP] Copy Pods Resources */,
			);
			buildRules = (
			);
			dependencies = (
			);
			name = swipeTweetTweet;
			productName = swipeTweetTweet;
			productReference = 7A0BC1281DFE2572008C28DB /* swipeTweetTweet.app */;
			productType = "com.apple.product-type.application";
		};
		7A0BC1381DFE2573008C28DB /* swipeTweetTweetTests */ = {
			isa = PBXNativeTarget;
			buildConfigurationList = 7A0BC1501DFE2573008C28DB /* Build configuration list for PBXNativeTarget "swipeTweetTweetTests" */;
			buildPhases = (
				7A0BC1351DFE2573008C28DB /* Sources */,
				7A0BC1361DFE2573008C28DB /* Frameworks */,
				7A0BC1371DFE2573008C28DB /* Resources */,
			);
			buildRules = (
			);
			dependencies = (
				7A0BC13B1DFE2573008C28DB /* PBXTargetDependency */,
			);
			name = swipeTweetTweetTests;
			productName = swipeTweetTweetTests;
			productReference = 7A0BC1391DFE2573008C28DB /* swipeTweetTweetTests.xctest */;
			productType = "com.apple.product-type.bundle.unit-test";
		};
		7A0BC1431DFE2573008C28DB /* swipeTweetTweetUITests */ = {
			isa = PBXNativeTarget;
			buildConfigurationList = 7A0BC1531DFE2573008C28DB /* Build configuration list for PBXNativeTarget "swipeTweetTweetUITests" */;
			buildPhases = (
				7A0BC1401DFE2573008C28DB /* Sources */,
				7A0BC1411DFE2573008C28DB /* Frameworks */,
				7A0BC1421DFE2573008C28DB /* Resources */,
			);
			buildRules = (
			);
			dependencies = (
				7A0BC1461DFE2573008C28DB /* PBXTargetDependency */,
			);
			name = swipeTweetTweetUITests;
			productName = swipeTweetTweetUITests;
			productReference = 7A0BC1441DFE2573008C28DB /* swipeTweetTweetUITests.xctest */;
			productType = "com.apple.product-type.bundle.ui-testing";
		};
/* End PBXNativeTarget section */

/* Begin PBXProject section */
		7A0BC1201DFE2572008C28DB /* Project object */ = {
			isa = PBXProject;
			attributes = {
				LastSwiftUpdateCheck = 0730;
				LastUpgradeCheck = 0730;
				ORGANIZATIONNAME = Pabix;
				TargetAttributes = {
					7A0BC1271DFE2572008C28DB = {
						CreatedOnToolsVersion = 7.3;
					};
					7A0BC1381DFE2573008C28DB = {
						CreatedOnToolsVersion = 7.3;
						TestTargetID = 7A0BC1271DFE2572008C28DB;
					};
					7A0BC1431DFE2573008C28DB = {
						CreatedOnToolsVersion = 7.3;
						TestTargetID = 7A0BC1271DFE2572008C28DB;
					};
				};
			};
			buildConfigurationList = 7A0BC1231DFE2572008C28DB /* Build configuration list for PBXProject "swipeTweetTweet" */;
			compatibilityVersion = "Xcode 3.2";
			developmentRegion = English;
			hasScannedForEncodings = 0;
			knownRegions = (
				en,
				Base,
			);
			mainGroup = 7A0BC11F1DFE2572008C28DB;
			productRefGroup = 7A0BC1291DFE2572008C28DB /* Products */;
			projectDirPath = "";
			projectRoot = "";
			targets = (
				7A0BC1271DFE2572008C28DB /* swipeTweetTweet */,
				7A0BC1381DFE2573008C28DB /* swipeTweetTweetTests */,
				7A0BC1431DFE2573008C28DB /* swipeTweetTweetUITests */,
			);
		};
/* End PBXProject section */

/* Begin PBXResourcesBuildPhase section */
		7A0BC1261DFE2572008C28DB /* Resources */ = {
			isa = PBXResourcesBuildPhase;
			buildActionMask = 2147483647;
			files = (
				7A0BC1301DFE2573008C28DB /* Assets.xcassets in Resources */,
				7A0BC1331DFE2573008C28DB /* Main.storyboard in Resources */,
			);
			runOnlyForDeploymentPostprocessing = 0;
		};
		7A0BC1371DFE2573008C28DB /* Resources */ = {
			isa = PBXResourcesBuildPhase;
			buildActionMask = 2147483647;
			files = (
			);
			runOnlyForDeploymentPostprocessing = 0;
		};
		7A0BC1421DFE2573008C28DB /* Resources */ = {
			isa = PBXResourcesBuildPhase;
			buildActionMask = 2147483647;
			files = (
			);
			runOnlyForDeploymentPostprocessing = 0;
		};
/* End PBXResourcesBuildPhase section */

/* Begin PBXShellScriptBuildPhase section */
		8E6334F8F7CEC0A6AEBD2982 /* [CP] Embed Pods Frameworks */ = {
			isa = PBXShellScriptBuildPhase;
			buildActionMask = 2147483647;
			files = (
			);
			inputPaths = (
			);
			name = "[CP] Embed Pods Frameworks";
			outputPaths = (
			);
			runOnlyForDeploymentPostprocessing = 0;
			shellPath = /bin/sh;
			shellScript = "\"${SRCROOT}/Pods/Target Support Files/Pods-swipeTweetTweet/Pods-swipeTweetTweet-frameworks.sh\"\n";
			showEnvVarsInLog = 0;
		};
		9626E30E616539877823757A /* [CP] Copy Pods Resources */ = {
			isa = PBXShellScriptBuildPhase;
			buildActionMask = 2147483647;
			files = (
			);
			inputPaths = (
			);
			name = "[CP] Copy Pods Resources";
			outputPaths = (
			);
			runOnlyForDeploymentPostprocessing = 0;
			shellPath = /bin/sh;
			shellScript = "\"${SRCROOT}/Pods/Target Support Files/Pods-swipeTweetTweet/Pods-swipeTweetTweet-resources.sh\"\n";
			showEnvVarsInLog = 0;
		};
		996660126C7588A1F9405286 /* [CP] Check Pods Manifest.lock */ = {
			isa = PBXShellScriptBuildPhase;
			buildActionMask = 2147483647;
			files = (
			);
			inputPaths = (
			);
			name = "[CP] Check Pods Manifest.lock";
			outputPaths = (
			);
			runOnlyForDeploymentPostprocessing = 0;
			shellPath = /bin/sh;
			shellScript = "diff \"${PODS_ROOT}/../Podfile.lock\" \"${PODS_ROOT}/Manifest.lock\" > /dev/null\nif [ $? != 0 ] ; then\n    # print error to STDERR\n    echo \"error: The sandbox is not in sync with the Podfile.lock. Run 'pod install' or update your CocoaPods installation.\" >&2\n    exit 1\nfi\n";
			showEnvVarsInLog = 0;
		};
/* End PBXShellScriptBuildPhase section */

/* Begin PBXSourcesBuildPhase section */
		7A0BC1241DFE2572008C28DB /* Sources */ = {
			isa = PBXSourcesBuildPhase;
			buildActionMask = 2147483647;
			files = (
				7A0BC12E1DFE2572008C28DB /* ViewController.swift in Sources */,
				7A0BC12C1DFE2572008C28DB /* AppDelegate.swift in Sources */,
			);
			runOnlyForDeploymentPostprocessing = 0;
		};
		7A0BC1351DFE2573008C28DB /* Sources */ = {
			isa = PBXSourcesBuildPhase;
			buildActionMask = 2147483647;
			files = (
				7A0BC13E1DFE2573008C28DB /* swipeTweetTweetTests.swift in Sources */,
			);
			runOnlyForDeploymentPostprocessing = 0;
		};
		7A0BC1401DFE2573008C28DB /* Sources */ = {
			isa = PBXSourcesBuildPhase;
			buildActionMask = 2147483647;
			files = (
				7A0BC1491DFE2573008C28DB /* swipeTweetTweetUITests.swift in Sources */,
			);
			runOnlyForDeploymentPostprocessing = 0;
		};
/* End PBXSourcesBuildPhase section */

/* Begin PBXTargetDependency section */
		7A0BC13B1DFE2573008C28DB /* PBXTargetDependency */ = {
			isa = PBXTargetDependency;
			target = 7A0BC1271DFE2572008C28DB /* swipeTweetTweet */;
			targetProxy = 7A0BC13A1DFE2573008C28DB /* PBXContainerItemProxy */;
		};
		7A0BC1461DFE2573008C28DB /* PBXTargetDependency */ = {
			isa = PBXTargetDependency;
			target = 7A0BC1271DFE2572008C28DB /* swipeTweetTweet */;
			targetProxy = 7A0BC1451DFE2573008C28DB /* PBXContainerItemProxy */;
		};
/* End PBXTargetDependency section */

/* Begin PBXVariantGroup section */
		7A0BC1311DFE2573008C28DB /* Main.storyboard */ = {
			isa = PBXVariantGroup;
			children = (
				7A0BC1321DFE2573008C28DB /* Base */,
			);
			name = Main.storyboard;
			sourceTree = "<group>";
		};
/* End PBXVariantGroup section */

/* Begin XCBuildConfiguration section */
		7A0BC14B1DFE2573008C28DB /* Debug */ = {
			isa = XCBuildConfiguration;
			buildSettings = {
				ALWAYS_SEARCH_USER_PATHS = NO;
				CLANG_ANALYZER_NONNULL = YES;
				CLANG_CXX_LANGUAGE_STANDARD = "gnu++0x";
				CLANG_CXX_LIBRARY = "libc++";
				CLANG_ENABLE_MODULES = YES;
				CLANG_ENABLE_OBJC_ARC = YES;
				CLANG_WARN_BOOL_CONVERSION = YES;
				CLANG_WARN_CONSTANT_CONVERSION = YES;
				CLANG_WARN_DIRECT_OBJC_ISA_USAGE = YES_ERROR;
				CLANG_WARN_EMPTY_BODY = YES;
				CLANG_WARN_ENUM_CONVERSION = YES;
				CLANG_WARN_INT_CONVERSION = YES;
				CLANG_WARN_OBJC_ROOT_CLASS = YES_ERROR;
				CLANG_WARN_UNREACHABLE_CODE = YES;
				CLANG_WARN__DUPLICATE_METHOD_MATCH = YES;
				CODE_SIGN_IDENTITY = "-";
				COPY_PHASE_STRIP = NO;
				DEBUG_INFORMATION_FORMAT = dwarf;
				ENABLE_STRICT_OBJC_MSGSEND = YES;
				ENABLE_TESTABILITY = YES;
				GCC_C_LANGUAGE_STANDARD = gnu99;
				GCC_DYNAMIC_NO_PIC = NO;
				GCC_NO_COMMON_BLOCKS = YES;
				GCC_OPTIMIZATION_LEVEL = 0;
				GCC_PREPROCESSOR_DEFINITIONS = (
					"DEBUG=1",
					"$(inherited)",
				);
				GCC_WARN_64_TO_32_BIT_CONVERSION = YES;
				GCC_WARN_ABOUT_RETURN_TYPE = YES_ERROR;
				GCC_WARN_UNDECLARED_SELECTOR = YES;
				GCC_WARN_UNINITIALIZED_AUTOS = YES_AGGRESSIVE;
				GCC_WARN_UNUSED_FUNCTION = YES;
				GCC_WARN_UNUSED_VARIABLE = YES;
				MACOSX_DEPLOYMENT_TARGET = 10.11;
				MTL_ENABLE_DEBUG_INFO = YES;
				ONLY_ACTIVE_ARCH = YES;
				SDKROOT = macosx;
				SWIFT_OPTIMIZATION_LEVEL = "-Onone";
			};
			name = Debug;
		};
		7A0BC14C1DFE2573008C28DB /* Release */ = {
			isa = XCBuildConfiguration;
			buildSettings = {
				ALWAYS_SEARCH_USER_PATHS = NO;
				CLANG_ANALYZER_NONNULL = YES;
				CLANG_CXX_LANGUAGE_STANDARD = "gnu++0x";
				CLANG_CXX_LIBRARY = "libc++";
				CLANG_ENABLE_MODULES = YES;
				CLANG_ENABLE_OBJC_ARC = YES;
				CLANG_WARN_BOOL_CONVERSION = YES;
				CLANG_WARN_CONSTANT_CONVERSION = YES;
				CLANG_WARN_DIRECT_OBJC_ISA_USAGE = YES_ERROR;
				CLANG_WARN_EMPTY_BODY = YES;
				CLANG_WARN_ENUM_CONVERSION = YES;
				CLANG_WARN_INT_CONVERSION = YES;
				CLANG_WARN_OBJC_ROOT_CLASS = YES_ERROR;
				CLANG_WARN_UNREACHABLE_CODE = YES;
				CLANG_WARN__DUPLICATE_METHOD_MATCH = YES;
				CODE_SIGN_IDENTITY = "-";
				COPY_PHASE_STRIP = NO;
				DEBUG_INFORMATION_FORMAT = "dwarf-with-dsym";
				ENABLE_NS_ASSERTIONS = NO;
				ENABLE_STRICT_OBJC_MSGSEND = YES;
				GCC_C_LANGUAGE_STANDARD = gnu99;
				GCC_NO_COMMON_BLOCKS = YES;
				GCC_WARN_64_TO_32_BIT_CONVERSION = YES;
				GCC_WARN_ABOUT_RETURN_TYPE = YES_ERROR;
				GCC_WARN_UNDECLARED_SELECTOR = YES;
				GCC_WARN_UNINITIALIZED_AUTOS = YES_AGGRESSIVE;
				GCC_WARN_UNUSED_FUNCTION = YES;
				GCC_WARN_UNUSED_VARIABLE = YES;
				MACOSX_DEPLOYMENT_TARGET = 10.11;
				MTL_ENABLE_DEBUG_INFO = NO;
				SDKROOT = macosx;
			};
			name = Release;
		};
		7A0BC14E1DFE2573008C28DB /* Debug */ = {
			isa = XCBuildConfiguration;
			baseConfigurationReference = EC7E6D091008F9978149FB7E /* Pods-swipeTweetTweet.debug.xcconfig */;
			buildSettings = {
				ASSETCATALOG_COMPILER_APPICON_NAME = AppIcon;
				COMBINE_HIDPI_IMAGES = YES;
				INFOPLIST_FILE = swipeTweetTweet/Info.plist;
				LD_RUNPATH_SEARCH_PATHS = "$(inherited) @executable_path/../Frameworks";
				PRODUCT_BUNDLE_IDENTIFIER = com.Pabix.cozo.swipeTweetTweet;
				PRODUCT_NAME = "$(TARGET_NAME)";
			};
			name = Debug;
		};
		7A0BC14F1DFE2573008C28DB /* Release */ = {
			isa = XCBuildConfiguration;
			baseConfigurationReference = A468DC469F99A1A8AFD01F27 /* Pods-swipeTweetTweet.release.xcconfig */;
			buildSettings = {
				ASSETCATALOG_COMPILER_APPICON_NAME = AppIcon;
				COMBINE_HIDPI_IMAGES = YES;
				INFOPLIST_FILE = swipeTweetTweet/Info.plist;
				LD_RUNPATH_SEARCH_PATHS = "$(inherited) @executable_path/../Frameworks";
				PRODUCT_BUNDLE_IDENTIFIER = com.Pabix.cozo.swipeTweetTweet;
				PRODUCT_NAME = "$(TARGET_NAME)";
			};
			name = Release;
		};
		7A0BC1511DFE2573008C28DB /* Debug */ = {
			isa = XCBuildConfiguration;
			buildSettings = {
				BUNDLE_LOADER = "$(TEST_HOST)";
				COMBINE_HIDPI_IMAGES = YES;
				INFOPLIST_FILE = swipeTweetTweetTests/Info.plist;
				LD_RUNPATH_SEARCH_PATHS = "$(inherited) @executable_path/../Frameworks @loader_path/../Frameworks";
				PRODUCT_BUNDLE_IDENTIFIER = com.Pabix.cozo.swipeTweetTweetTests;
				PRODUCT_NAME = "$(TARGET_NAME)";
				TEST_HOST = "$(BUILT_PRODUCTS_DIR)/swipeTweetTweet.app/Contents/MacOS/swipeTweetTweet";
			};
			name = Debug;
		};
		7A0BC1521DFE2573008C28DB /* Release */ = {
			isa = XCBuildConfiguration;
			buildSettings = {
				BUNDLE_LOADER = "$(TEST_HOST)";
				COMBINE_HIDPI_IMAGES = YES;
				INFOPLIST_FILE = swipeTweetTweetTests/Info.plist;
				LD_RUNPATH_SEARCH_PATHS = "$(inherited) @executable_path/../Frameworks @loader_path/../Frameworks";
				PRODUCT_BUNDLE_IDENTIFIER = com.Pabix.cozo.swipeTweetTweetTests;
				PRODUCT_NAME = "$(TARGET_NAME)";
				TEST_HOST = "$(BUILT_PRODUCTS_DIR)/swipeTweetTweet.app/Contents/MacOS/swipeTweetTweet";
			};
			name = Release;
		};
		7A0BC1541DFE2573008C28DB /* Debug */ = {
			isa = XCBuildConfiguration;
			buildSettings = {
				COMBINE_HIDPI_IMAGES = YES;
				INFOPLIST_FILE = swipeTweetTweetUITests/Info.plist;
				LD_RUNPATH_SEARCH_PATHS = "$(inherited) @executable_path/../Frameworks @loader_path/../Frameworks";
				PRODUCT_BUNDLE_IDENTIFIER = com.Pabix.cozo.swipeTweetTweetUITests;
				PRODUCT_NAME = "$(TARGET_NAME)";
				TEST_TARGET_NAME = swipeTweetTweet;
			};
			name = Debug;
		};
		7A0BC1551DFE2573008C28DB /* Release */ = {
			isa = XCBuildConfiguration;
			buildSettings = {
				COMBINE_HIDPI_IMAGES = YES;
				INFOPLIST_FILE = swipeTweetTweetUITests/Info.plist;
				LD_RUNPATH_SEARCH_PATHS = "$(inherited) @executable_path/../Frameworks @loader_path/../Frameworks";
				PRODUCT_BUNDLE_IDENTIFIER = com.Pabix.cozo.swipeTweetTweetUITests;
				PRODUCT_NAME = "$(TARGET_NAME)";
				TEST_TARGET_NAME = swipeTweetTweet;
			};
			name = Release;
		};
/* End XCBuildConfiguration section */

/* Begin XCConfigurationList section */
		7A0BC1231DFE2572008C28DB /* Build configuration list for PBXProject "swipeTweetTweet" */ = {
			isa = XCConfigurationList;
			buildConfigurations = (
				7A0BC14B1DFE2573008C28DB /* Debug */,
				7A0BC14C1DFE2573008C28DB /* Release */,
			);
			defaultConfigurationIsVisible = 0;
			defaultConfigurationName = Release;
		};
		7A0BC14D1DFE2573008C28DB /* Build configuration list for PBXNativeTarget "swipeTweetTweet" */ = {
			isa = XCConfigurationList;
			buildConfigurations = (
				7A0BC14E1DFE2573008C28DB /* Debug */,
				7A0BC14F1DFE2573008C28DB /* Release */,
			);
			defaultConfigurationIsVisible = 0;
		};
		7A0BC1501DFE2573008C28DB /* Build configuration list for PBXNativeTarget "swipeTweetTweetTests" */ = {
			isa = XCConfigurationList;
			buildConfigurations = (
				7A0BC1511DFE2573008C28DB /* Debug */,
				7A0BC1521DFE2573008C28DB /* Release */,
			);
			defaultConfigurationIsVisible = 0;
		};
		7A0BC1531DFE2573008C28DB /* Build configuration list for PBXNativeTarget "swipeTweetTweetUITests" */ = {
			isa = XCConfigurationList;
			buildConfigurations = (
				7A0BC1541DFE2573008C28DB /* Debug */,
				7A0BC1551DFE2573008C28DB /* Release */,
			);
			defaultConfigurationIsVisible = 0;
		};
/* End XCConfigurationList section */
	};
	rootObject = 7A0BC1201DFE2572008C28DB /* Project object */;
}
